// !$*UTF8*$!
{
	archiveVersion = 1;
	classes = {
	};
	objectVersion = 50;
	objects = {

/* Begin PBXBuildFile section */
		422EB2D424798441002BBA4C /* AppDelegate.swift in Sources */ = {isa = PBXBuildFile; fileRef = 422EB2D324798441002BBA4C /* AppDelegate.swift */; };
		422EB2D624798441002BBA4C /* SceneDelegate.swift in Sources */ = {isa = PBXBuildFile; fileRef = 422EB2D524798441002BBA4C /* SceneDelegate.swift */; };
		422EB2D824798441002BBA4C /* ViewController.swift in Sources */ = {isa = PBXBuildFile; fileRef = 422EB2D724798441002BBA4C /* ViewController.swift */; };
		422EB2DB24798441002BBA4C /* Main.storyboard in Resources */ = {isa = PBXBuildFile; fileRef = 422EB2D924798441002BBA4C /* Main.storyboard */; };
		422EB2DD24798444002BBA4C /* Assets.xcassets in Resources */ = {isa = PBXBuildFile; fileRef = 422EB2DC24798444002BBA4C /* Assets.xcassets */; };
		422EB2E024798444002BBA4C /* LaunchScreen.storyboard in Resources */ = {isa = PBXBuildFile; fileRef = 422EB2DE24798444002BBA4C /* LaunchScreen.storyboard */; };
		422EB2EB24798444002BBA4C /* PropertyAnimatorExampleTests.swift in Sources */ = {isa = PBXBuildFile; fileRef = 422EB2EA24798444002BBA4C /* PropertyAnimatorExampleTests.swift */; };
		422EB2F624798444002BBA4C /* PropertyAnimatorExampleUITests.swift in Sources */ = {isa = PBXBuildFile; fileRef = 422EB2F524798444002BBA4C /* PropertyAnimatorExampleUITests.swift */; };
/* End PBXBuildFile section */

/* Begin PBXContainerItemProxy section */
		422EB2E724798444002BBA4C /* PBXContainerItemProxy */ = {
			isa = PBXContainerItemProxy;
			containerPortal = 422EB2C824798441002BBA4C /* Project object */;
			proxyType = 1;
			remoteGlobalIDString = 422EB2CF24798441002BBA4C;
			remoteInfo = PropertyAnimatorExample;
		};
		422EB2F224798444002BBA4C /* PBXContainerItemProxy */ = {
			isa = PBXContainerItemProxy;
			containerPortal = 422EB2C824798441002BBA4C /* Project object */;
			proxyType = 1;
			remoteGlobalIDString = 422EB2CF24798441002BBA4C;
			remoteInfo = PropertyAnimatorExample;
		};
/* End PBXContainerItemProxy section */

/* Begin PBXFileReference section */
		422EB2D024798441002BBA4C /* PropertyAnimatorExample.app */ = {isa = PBXFileReference; explicitFileType = wrapper.application; includeInIndex = 0; path = PropertyAnimatorExample.app; sourceTree = BUILT_PRODUCTS_DIR; };
		422EB2D324798441002BBA4C /* AppDelegate.swift */ = {isa = PBXFileReference; lastKnownFileType = sourcecode.swift; path = AppDelegate.swift; sourceTree = "<group>"; };
		422EB2D524798441002BBA4C /* SceneDelegate.swift */ = {isa = PBXFileReference; lastKnownFileType = sourcecode.swift; path = SceneDelegate.swift; sourceTree = "<group>"; };
		422EB2D724798441002BBA4C /* ViewController.swift */ = {isa = PBXFileReference; lastKnownFileType = sourcecode.swift; path = ViewController.swift; sourceTree = "<group>"; };
		422EB2DA24798441002BBA4C /* Base */ = {isa = PBXFileReference; lastKnownFileType = file.storyboard; name = Base; path = Base.lproj/Main.storyboard; sourceTree = "<group>"; };
		422EB2DC24798444002BBA4C /* Assets.xcassets */ = {isa = PBXFileReference; lastKnownFileType = folder.assetcatalog; path = Assets.xcassets; sourceTree = "<group>"; };
		422EB2DF24798444002BBA4C /* Base */ = {isa = PBXFileReference; lastKnownFileType = file.storyboard; name = Base; path = Base.lproj/LaunchScreen.storyboard; sourceTree = "<group>"; };
		422EB2E124798444002BBA4C /* Info.plist */ = {isa = PBXFileReference; lastKnownFileType = text.plist.xml; path = Info.plist; sourceTree = "<group>"; };
		422EB2E624798444002BBA4C /* PropertyAnimatorExampleTests.xctest */ = {isa = PBXFileReference; explicitFileType = wrapper.cfbundle; includeInIndex = 0; path = PropertyAnimatorExampleTests.xctest; sourceTree = BUILT_PRODUCTS_DIR; };
		422EB2EA24798444002BBA4C /* PropertyAnimatorExampleTests.swift */ = {isa = PBXFileReference; lastKnownFileType = sourcecode.swift; path = PropertyAnimatorExampleTests.swift; sourceTree = "<group>"; };
		422EB2EC24798444002BBA4C /* Info.plist */ = {isa = PBXFileReference; lastKnownFileType = text.plist.xml; path = Info.plist; sourceTree = "<group>"; };
		422EB2F124798444002BBA4C /* PropertyAnimatorExampleUITests.xctest */ = {isa = PBXFileReference; explicitFileType = wrapper.cfbundle; includeInIndex = 0; path = PropertyAnimatorExampleUITests.xctest; sourceTree = BUILT_PRODUCTS_DIR; };
		422EB2F524798444002BBA4C /* PropertyAnimatorExampleUITests.swift */ = {isa = PBXFileReference; lastKnownFileType = sourcecode.swift; path = PropertyAnimatorExampleUITests.swift; sourceTree = "<group>"; };
		422EB2F724798444002BBA4C /* Info.plist */ = {isa = PBXFileReference; lastKnownFileType = text.plist.xml; path = Info.plist; sourceTree = "<group>"; };
/* End PBXFileReference section */

/* Begin PBXFrameworksBuildPhase section */
		422EB2CD24798441002BBA4C /* Frameworks */ = {
			isa = PBXFrameworksBuildPhase;
			buildActionMask = 2147483647;
			files = (
			);
			runOnlyForDeploymentPostprocessing = 0;
		};
		422EB2E324798444002BBA4C /* Frameworks */ = {
			isa = PBXFrameworksBuildPhase;
			buildActionMask = 2147483647;
			files = (
			);
			runOnlyForDeploymentPostprocessing = 0;
		};
		422EB2EE24798444002BBA4C /* Frameworks */ = {
			isa = PBXFrameworksBuildPhase;
			buildActionMask = 2147483647;
			files = (
			);
			runOnlyForDeploymentPostprocessing = 0;
		};
/* End PBXFrameworksBuildPhase section */

/* Begin PBXGroup section */
		422EB2C724798441002BBA4C = {
			isa = PBXGroup;
			children = (
				422EB2D224798441002BBA4C /* PropertyAnimatorExample */,
				422EB2E924798444002BBA4C /* PropertyAnimatorExampleTests */,
				422EB2F424798444002BBA4C /* PropertyAnimatorExampleUITests */,
				422EB2D124798441002BBA4C /* Products */,
			);
			sourceTree = "<group>";
		};
		422EB2D124798441002BBA4C /* Products */ = {
			isa = PBXGroup;
			children = (
				422EB2D024798441002BBA4C /* PropertyAnimatorExample.app */,
				422EB2E624798444002BBA4C /* PropertyAnimatorExampleTests.xctest */,
				422EB2F124798444002BBA4C /* PropertyAnimatorExampleUITests.xctest */,
			);
			name = Products;
			sourceTree = "<group>";
		};
		422EB2D224798441002BBA4C /* PropertyAnimatorExample */ = {
			isa = PBXGroup;
			children = (
				422EB2D324798441002BBA4C /* AppDelegate.swift */,
				422EB2D524798441002BBA4C /* SceneDelegate.swift */,
				422EB2D724798441002BBA4C /* ViewController.swift */,
				422EB2D924798441002BBA4C /* Main.storyboard */,
				422EB2DC24798444002BBA4C /* Assets.xcassets */,
				422EB2DE24798444002BBA4C /* LaunchScreen.storyboard */,
				422EB2E124798444002BBA4C /* Info.plist */,
			);
			path = PropertyAnimatorExample;
			sourceTree = "<group>";
		};
		422EB2E924798444002BBA4C /* PropertyAnimatorExampleTests */ = {
			isa = PBXGroup;
			children = (
				422EB2EA24798444002BBA4C /* PropertyAnimatorExampleTests.swift */,
				422EB2EC24798444002BBA4C /* Info.plist */,
			);
			path = PropertyAnimatorExampleTests;
			sourceTree = "<group>";
		};
		422EB2F424798444002BBA4C /* PropertyAnimatorExampleUITests */ = {
			isa = PBXGroup;
			children = (
				422EB2F524798444002BBA4C /* PropertyAnimatorExampleUITests.swift */,
				422EB2F724798444002BBA4C /* Info.plist */,
			);
			path = PropertyAnimatorExampleUITests;
			sourceTree = "<group>";
		};
/* End PBXGroup section */

/* Begin PBXNativeTarget section */
		422EB2CF24798441002BBA4C /* PropertyAnimatorExample */ = {
			isa = PBXNativeTarget;
			buildConfigurationList = 422EB2FA24798444002BBA4C /* Build configuration list for PBXNativeTarget "PropertyAnimatorExample" */;
			buildPhases = (
				422EB2CC24798441002BBA4C /* Sources */,
				422EB2CD24798441002BBA4C /* Frameworks */,
				422EB2CE24798441002BBA4C /* Resources */,
			);
			buildRules = (
			);
			dependencies = (
			);
			name = PropertyAnimatorExample;
			productName = PropertyAnimatorExample;
			productReference = 422EB2D024798441002BBA4C /* PropertyAnimatorExample.app */;
			productType = "com.apple.product-type.application";
		};
		422EB2E524798444002BBA4C /* PropertyAnimatorExampleTests */ = {
			isa = PBXNativeTarget;
			buildConfigurationList = 422EB2FD24798444002BBA4C /* Build configuration list for PBXNativeTarget "PropertyAnimatorExampleTests" */;
			buildPhases = (
				422EB2E224798444002BBA4C /* Sources */,
				422EB2E324798444002BBA4C /* Frameworks */,
				422EB2E424798444002BBA4C /* Resources */,
			);
			buildRules = (
			);
			dependencies = (
				422EB2E824798444002BBA4C /* PBXTargetDependency */,
			);
			name = PropertyAnimatorExampleTests;
			productName = PropertyAnimatorExampleTests;
			productReference = 422EB2E624798444002BBA4C /* PropertyAnimatorExampleTests.xctest */;
			productType = "com.apple.product-type.bundle.unit-test";
		};
		422EB2F024798444002BBA4C /* PropertyAnimatorExampleUITests */ = {
			isa = PBXNativeTarget;
			buildConfigurationList = 422EB30024798444002BBA4C /* Build configuration list for PBXNativeTarget "PropertyAnimatorExampleUITests" */;
			buildPhases = (
				422EB2ED24798444002BBA4C /* Sources */,
				422EB2EE24798444002BBA4C /* Frameworks */,
				422EB2EF24798444002BBA4C /* Resources */,
			);
			buildRules = (
			);
			dependencies = (
				422EB2F324798444002BBA4C /* PBXTargetDependency */,
			);
			name = PropertyAnimatorExampleUITests;
			productName = PropertyAnimatorExampleUITests;
			productReference = 422EB2F124798444002BBA4C /* PropertyAnimatorExampleUITests.xctest */;
			productType = "com.apple.product-type.bundle.ui-testing";
		};
/* End PBXNativeTarget section */

/* Begin PBXProject section */
		422EB2C824798441002BBA4C /* Project object */ = {
			isa = PBXProject;
			attributes = {
				LastSwiftUpdateCheck = 1140;
				LastUpgradeCheck = 1140;
				ORGANIZATIONNAME = "Lisa Haas";
				TargetAttributes = {
					422EB2CF24798441002BBA4C = {
						CreatedOnToolsVersion = 11.4;
					};
					422EB2E524798444002BBA4C = {
						CreatedOnToolsVersion = 11.4;
						TestTargetID = 422EB2CF24798441002BBA4C;
					};
					422EB2F024798444002BBA4C = {
						CreatedOnToolsVersion = 11.4;
						TestTargetID = 422EB2CF24798441002BBA4C;
					};
				};
			};
			buildConfigurationList = 422EB2CB24798441002BBA4C /* Build configuration list for PBXProject "PropertyAnimatorExample" */;
			compatibilityVersion = "Xcode 9.3";
			developmentRegion = en;
			hasScannedForEncodings = 0;
			knownRegions = (
				en,
				Base,
			);
			mainGroup = 422EB2C724798441002BBA4C;
			productRefGroup = 422EB2D124798441002BBA4C /* Products */;
			projectDirPath = "";
			projectRoot = "";
			targets = (
				422EB2CF24798441002BBA4C /* PropertyAnimatorExample */,
				422EB2E524798444002BBA4C /* PropertyAnimatorExampleTests */,
				422EB2F024798444002BBA4C /* PropertyAnimatorExampleUITests */,
			);
		};
/* End PBXProject section */

/* Begin PBXResourcesBuildPhase section */
		422EB2CE24798441002BBA4C /* Resources */ = {
			isa = PBXResourcesBuildPhase;
			buildActionMask = 2147483647;
			files = (
				422EB2E024798444002BBA4C /* LaunchScreen.storyboard in Resources */,
				422EB2DD24798444002BBA4C /* Assets.xcassets in Resources */,
				422EB2DB24798441002BBA4C /* Main.storyboard in Resources */,
			);
			runOnlyForDeploymentPostprocessing = 0;
		};
		422EB2E424798444002BBA4C /* Resources */ = {
			isa = PBXResourcesBuildPhase;
			buildActionMask = 2147483647;
			files = (
			);
			runOnlyForDeploymentPostprocessing = 0;
		};
		422EB2EF24798444002BBA4C /* Resources */ = {
			isa = PBXResourcesBuildPhase;
			buildActionMask = 2147483647;
			files = (
			);
			runOnlyForDeploymentPostprocessing = 0;
		};
/* End PBXResourcesBuildPhase section */

/* Begin PBXSourcesBuildPhase section */
		422EB2CC24798441002BBA4C /* Sources */ = {
			isa = PBXSourcesBuildPhase;
			buildActionMask = 2147483647;
			files = (
				422EB2D824798441002BBA4C /* ViewController.swift in Sources */,
				422EB2D424798441002BBA4C /* AppDelegate.swift in Sources */,
				422EB2D624798441002BBA4C /* SceneDelegate.swift in Sources */,
			);
			runOnlyForDeploymentPostprocessing = 0;
		};
		422EB2E224798444002BBA4C /* Sources */ = {
			isa = PBXSourcesBuildPhase;
			buildActionMask = 2147483647;
			files = (
				422EB2EB24798444002BBA4C /* PropertyAnimatorExampleTests.swift in Sources */,
			);
			runOnlyForDeploymentPostprocessing = 0;
		};
		422EB2ED24798444002BBA4C /* Sources */ = {
			isa = PBXSourcesBuildPhase;
			buildActionMask = 2147483647;
			files = (
				422EB2F624798444002BBA4C /* PropertyAnimatorExampleUITests.swift in Sources */,
			);
			runOnlyForDeploymentPostprocessing = 0;
		};
/* End PBXSourcesBuildPhase section */

/* Begin PBXTargetDependency section */
		422EB2E824798444002BBA4C /* PBXTargetDependency */ = {
			isa = PBXTargetDependency;
			target = 422EB2CF24798441002BBA4C /* PropertyAnimatorExample */;
			targetProxy = 422EB2E724798444002BBA4C /* PBXContainerItemProxy */;
		};
		422EB2F324798444002BBA4C /* PBXTargetDependency */ = {
			isa = PBXTargetDependency;
			target = 422EB2CF24798441002BBA4C /* PropertyAnimatorExample */;
			targetProxy = 422EB2F224798444002BBA4C /* PBXContainerItemProxy */;
		};
/* End PBXTargetDependency section */

/* Begin PBXVariantGroup section */
		422EB2D924798441002BBA4C /* Main.storyboard */ = {
			isa = PBXVariantGroup;
			children = (
				422EB2DA24798441002BBA4C /* Base */,
			);
			name = Main.storyboard;
			sourceTree = "<group>";
		};
		422EB2DE24798444002BBA4C /* LaunchScreen.storyboard */ = {
			isa = PBXVariantGroup;
			children = (
				422EB2DF24798444002BBA4C /* Base */,
			);
			name = LaunchScreen.storyboard;
			sourceTree = "<group>";
		};
/* End PBXVariantGroup section */

/* Begin XCBuildConfiguration section */
		422EB2F824798444002BBA4C /* Debug */ = {
			isa = XCBuildConfiguration;
			buildSettings = {
				ALWAYS_SEARCH_USER_PATHS = NO;
				CLANG_ANALYZER_NONNULL = YES;
				CLANG_ANALYZER_NUMBER_OBJECT_CONVERSION = YES_AGGRESSIVE;
				CLANG_CXX_LANGUAGE_STANDARD = "gnu++14";
				CLANG_CXX_LIBRARY = "libc++";
				CLANG_ENABLE_MODULES = YES;
				CLANG_ENABLE_OBJC_ARC = YES;
				CLANG_ENABLE_OBJC_WEAK = YES;
				CLANG_WARN_BLOCK_CAPTURE_AUTORELEASING = YES;
				CLANG_WARN_BOOL_CONVERSION = YES;
				CLANG_WARN_COMMA = YES;
				CLANG_WARN_CONSTANT_CONVERSION = YES;
				CLANG_WARN_DEPRECATED_OBJC_IMPLEMENTATIONS = YES;
				CLANG_WARN_DIRECT_OBJC_ISA_USAGE = YES_ERROR;
				CLANG_WARN_DOCUMENTATION_COMMENTS = YES;
				CLANG_WARN_EMPTY_BODY = YES;
				CLANG_WARN_ENUM_CONVERSION = YES;
				CLANG_WARN_INFINITE_RECURSION = YES;
				CLANG_WARN_INT_CONVERSION = YES;
				CLANG_WARN_NON_LITERAL_NULL_CONVERSION = YES;
				CLANG_WARN_OBJC_IMPLICIT_RETAIN_SELF = YES;
				CLANG_WARN_OBJC_LITERAL_CONVERSION = YES;
				CLANG_WARN_OBJC_ROOT_CLASS = YES_ERROR;
				CLANG_WARN_RANGE_LOOP_ANALYSIS = YES;
				CLANG_WARN_STRICT_PROTOTYPES = YES;
				CLANG_WARN_SUSPICIOUS_MOVE = YES;
				CLANG_WARN_UNGUARDED_AVAILABILITY = YES_AGGRESSIVE;
				CLANG_WARN_UNREACHABLE_CODE = YES;
				CLANG_WARN__DUPLICATE_METHOD_MATCH = YES;
				COPY_PHASE_STRIP = NO;
				DEBUG_INFORMATION_FORMAT = dwarf;
				ENABLE_STRICT_OBJC_MSGSEND = YES;
				ENABLE_TESTABILITY = YES;
				GCC_C_LANGUAGE_STANDARD = gnu11;
				GCC_DYNAMIC_NO_PIC = NO;
				GCC_NO_COMMON_BLOCKS = YES;
				GCC_OPTIMIZATION_LEVEL = 0;
				GCC_PREPROCESSOR_DEFINITIONS = (
					"DEBUG=1",
					"$(inherited)",
				);
				GCC_WARN_64_TO_32_BIT_CONVERSION = YES;
				GCC_WARN_ABOUT_RETURN_TYPE = YES_ERROR;
				GCC_WARN_UNDECLARED_SELECTOR = YES;
				GCC_WARN_UNINITIALIZED_AUTOS = YES_AGGRESSIVE;
				GCC_WARN_UNUSED_FUNCTION = YES;
				GCC_WARN_UNUSED_VARIABLE = YES;
				IPHONEOS_DEPLOYMENT_TARGET = 13.4;
				MTL_ENABLE_DEBUG_INFO = INCLUDE_SOURCE;
				MTL_FAST_MATH = YES;
				ONLY_ACTIVE_ARCH = YES;
				SDKROOT = iphoneos;
				SWIFT_ACTIVE_COMPILATION_CONDITIONS = DEBUG;
				SWIFT_OPTIMIZATION_LEVEL = "-Onone";
			};
			name = Debug;
		};
		422EB2F924798444002BBA4C /* Release */ = {
			isa = XCBuildConfiguration;
			buildSettings = {
				ALWAYS_SEARCH_USER_PATHS = NO;
				CLANG_ANALYZER_NONNULL = YES;
				CLANG_ANALYZER_NUMBER_OBJECT_CONVERSION = YES_AGGRESSIVE;
				CLANG_CXX_LANGUAGE_STANDARD = "gnu++14";
				CLANG_CXX_LIBRARY = "libc++";
				CLANG_ENABLE_MODULES = YES;
				CLANG_ENABLE_OBJC_ARC = YES;
				CLANG_ENABLE_OBJC_WEAK = YES;
				CLANG_WARN_BLOCK_CAPTURE_AUTORELEASING = YES;
				CLANG_WARN_BOOL_CONVERSION = YES;
				CLANG_WARN_COMMA = YES;
				CLANG_WARN_CONSTANT_CONVERSION = YES;
				CLANG_WARN_DEPRECATED_OBJC_IMPLEMENTATIONS = YES;
				CLANG_WARN_DIRECT_OBJC_ISA_USAGE = YES_ERROR;
				CLANG_WARN_DOCUMENTATION_COMMENTS = YES;
				CLANG_WARN_EMPTY_BODY = YES;
				CLANG_WARN_ENUM_CONVERSION = YES;
				CLANG_WARN_INFINITE_RECURSION = YES;
				CLANG_WARN_INT_CONVERSION = YES;
				CLANG_WARN_NON_LITERAL_NULL_CONVERSION = YES;
				CLANG_WARN_OBJC_IMPLICIT_RETAIN_SELF = YES;
				CLANG_WARN_OBJC_LITERAL_CONVERSION = YES;
				CLANG_WARN_OBJC_ROOT_CLASS = YES_ERROR;
				CLANG_WARN_RANGE_LOOP_ANALYSIS = YES;
				CLANG_WARN_STRICT_PROTOTYPES = YES;
				CLANG_WARN_SUSPICIOUS_MOVE = YES;
				CLANG_WARN_UNGUARDED_AVAILABILITY = YES_AGGRESSIVE;
				CLANG_WARN_UNREACHABLE_CODE = YES;
				CLANG_WARN__DUPLICATE_METHOD_MATCH = YES;
				COPY_PHASE_STRIP = NO;
				DEBUG_INFORMATION_FORMAT = "dwarf-with-dsym";
				ENABLE_NS_ASSERTIONS = NO;
				ENABLE_STRICT_OBJC_MSGSEND = YES;
				GCC_C_LANGUAGE_STANDARD = gnu11;
				GCC_NO_COMMON_BLOCKS = YES;
				GCC_WARN_64_TO_32_BIT_CONVERSION = YES;
				GCC_WARN_ABOUT_RETURN_TYPE = YES_ERROR;
				GCC_WARN_UNDECLARED_SELECTOR = YES;
				GCC_WARN_UNINITIALIZED_AUTOS = YES_AGGRESSIVE;
				GCC_WARN_UNUSED_FUNCTION = YES;
				GCC_WARN_UNUSED_VARIABLE = YES;
				IPHONEOS_DEPLOYMENT_TARGET = 13.4;
				MTL_ENABLE_DEBUG_INFO = NO;
				MTL_FAST_MATH = YES;
				SDKROOT = iphoneos;
				SWIFT_COMPILATION_MODE = wholemodule;
				SWIFT_OPTIMIZATION_LEVEL = "-O";
				VALIDATE_PRODUCT = YES;
			};
			name = Release;
		};
		422EB2FB24798444002BBA4C /* Debug */ = {
			isa = XCBuildConfiguration;
			buildSettings = {
				ASSETCATALOG_COMPILER_APPICON_NAME = AppIcon;
				CODE_SIGN_STYLE = Automatic;
				INFOPLIST_FILE = PropertyAnimatorExample/Info.plist;
				LD_RUNPATH_SEARCH_PATHS = (
					"$(inherited)",
					"@executable_path/Frameworks",
				);
				PRODUCT_BUNDLE_IDENTIFIER = lisa.PropertyAnimatorExample;
				PRODUCT_NAME = "$(TARGET_NAME)";
				SWIFT_VERSION = 5.0;
				TARGETED_DEVICE_FAMILY = "1,2";
			};
			name = Debug;
		};
		422EB2FC24798444002BBA4C /* Release */ = {
			isa = XCBuildConfiguration;
			buildSettings = {
				ASSETCATALOG_COMPILER_APPICON_NAME = AppIcon;
				CODE_SIGN_STYLE = Automatic;
				INFOPLIST_FILE = PropertyAnimatorExample/Info.plist;
				LD_RUNPATH_SEARCH_PATHS = (
					"$(inherited)",
					"@executable_path/Frameworks",
				);
				PRODUCT_BUNDLE_IDENTIFIER = lisa.PropertyAnimatorExample;
				PRODUCT_NAME = "$(TARGET_NAME)";
				SWIFT_VERSION = 5.0;
				TARGETED_DEVICE_FAMILY = "1,2";
			};
			name = Release;
		};
		422EB2FE24798444002BBA4C /* Debug */ = {
			isa = XCBuildConfiguration;
			buildSettings = {
				ALWAYS_EMBED_SWIFT_STANDARD_LIBRARIES = YES;
				BUNDLE_LOADER = "$(TEST_HOST)";
				CODE_SIGN_STYLE = Automatic;
				INFOPLIST_FILE = PropertyAnimatorExampleTests/Info.plist;
				IPHONEOS_DEPLOYMENT_TARGET = 13.4;
				LD_RUNPATH_SEARCH_PATHS = (
					"$(inherited)",
					"@executable_path/Frameworks",
					"@loader_path/Frameworks",
				);
				PRODUCT_BUNDLE_IDENTIFIER = lisa.PropertyAnimatorExampleTests;
				PRODUCT_NAME = "$(TARGET_NAME)";
				SWIFT_VERSION = 5.0;
				TARGETED_DEVICE_FAMILY = "1,2";
				TEST_HOST = "$(BUILT_PRODUCTS_DIR)/PropertyAnimatorExample.app/PropertyAnimatorExample";
			};
			name = Debug;
		};
		422EB2FF24798444002BBA4C /* Release */ = {
			isa = XCBuildConfiguration;
			buildSettings = {
				ALWAYS_EMBED_SWIFT_STANDARD_LIBRARIES = YES;
				BUNDLE_LOADER = "$(TEST_HOST)";
				CODE_SIGN_STYLE = Automatic;
				INFOPLIST_FILE = PropertyAnimatorExampleTests/Info.plist;
				IPHONEOS_DEPLOYMENT_TARGET = 13.4;
				LD_RUNPATH_SEARCH_PATHS = (
					"$(inherited)",
					"@executable_path/Frameworks",
					"@loader_path/Frameworks",
				);
				PRODUCT_BUNDLE_IDENTIFIER = lisa.PropertyAnimatorExampleTests;
				PRODUCT_NAME = "$(TARGET_NAME)";
				SWIFT_VERSION = 5.0;
				TARGETED_DEVICE_FAMILY = "1,2";
				TEST_HOST = "$(BUILT_PRODUCTS_DIR)/PropertyAnimatorExample.app/PropertyAnimatorExample";
			};
			name = Release;
		};
		422EB30124798444002BBA4C /* Debug */ = {
			isa = XCBuildConfiguration;
			buildSettings = {
				ALWAYS_EMBED_SWIFT_STANDARD_LIBRARIES = YES;
				CODE_SIGN_STYLE = Automatic;
				INFOPLIST_FILE = PropertyAnimatorExampleUITests/Info.plist;
				LD_RUNPATH_SEARCH_PATHS = (
					"$(inherited)",
					"@executable_path/Frameworks",
					"@loader_path/Frameworks",
				);
				PRODUCT_BUNDLE_IDENTIFIER = lisa.PropertyAnimatorExampleUITests;
				PRODUCT_NAME = "$(TARGET_NAME)";
				SWIFT_VERSION = 5.0;
				TARGETED_DEVICE_FAMILY = "1,2";
				TEST_TARGET_NAME = PropertyAnimatorExample;
			};
			name = Debug;
		};
		422EB30224798444002BBA4C /* Release */ = {
			isa = XCBuildConfiguration;
			buildSettings = {
				ALWAYS_EMBED_SWIFT_STANDARD_LIBRARIES = YES;
				CODE_SIGN_STYLE = Automatic;
				INFOPLIST_FILE = PropertyAnimatorExampleUITests/Info.plist;
				LD_RUNPATH_SEARCH_PATHS = (
					"$(inherited)",
					"@executable_path/Frameworks",
					"@loader_path/Frameworks",
				);
				PRODUCT_BUNDLE_IDENTIFIER = lisa.PropertyAnimatorExampleUITests;
				PRODUCT_NAME = "$(TARGET_NAME)";
				SWIFT_VERSION = 5.0;
				TARGETED_DEVICE_FAMILY = "1,2";
				TEST_TARGET_NAME = PropertyAnimatorExample;
			};
			name = Release;
		};
/* End XCBuildConfiguration section */

/* Begin XCConfigurationList section */
		422EB2CB24798441002BBA4C /* Build configuration list for PBXProject "PropertyAnimatorExample" */ = {
			isa = XCConfigurationList;
			buildConfigurations = (
				422EB2F824798444002BBA4C /* Debug */,
				422EB2F924798444002BBA4C /* Release */,
			);
			defaultConfigurationIsVisible = 0;
			defaultConfigurationName = Release;
		};
		422EB2FA24798444002BBA4C /* Build configuration list for PBXNativeTarget "PropertyAnimatorExample" */ = {
			isa = XCConfigurationList;
			buildConfigurations = (
				422EB2FB24798444002BBA4C /* Debug */,
				422EB2FC24798444002BBA4C /* Release */,
			);
			defaultConfigurationIsVisible = 0;
			defaultConfigurationName = Release;
		};
		422EB2FD24798444002BBA4C /* Build configuration list for PBXNativeTarget "PropertyAnimatorExampleTests" */ = {
			isa = XCConfigurationList;
			buildConfigurations = (
				422EB2FE24798444002BBA4C /* Debug */,
				422EB2FF24798444002BBA4C /* Release */,
			);
			defaultConfigurationIsVisible = 0;
			defaultConfigurationName = Release;
		};
		422EB30024798444002BBA4C /* Build configuration list for PBXNativeTarget "PropertyAnimatorExampleUITests" */ = {
			isa = XCConfigurationList;
			buildConfigurations = (
				422EB30124798444002BBA4C /* Debug */,
				422EB30224798444002BBA4C /* Release */,
			);
			defaultConfigurationIsVisible = 0;
			defaultConfigurationName = Release;
		};
/* End XCConfigurationList section */
	};
	rootObject = 422EB2C824798441002BBA4C /* Project object */;
}
